
Microsoft Visual Studio Solution File, Format Version 12.00
# Visual Studio Version 16
VisualStudioVersion = 16.0.30517.126
MinimumVisualStudioVersion = 10.0.40219.1
Project("{8BC9CEB8-8B4A-11D0-8D11-00A0C91BC942}") = "Game", "Game\Game.vcxproj", "{CF920D32-A927-4013-B546-40F3EAB41BC4}"
EndProject
Global
	GlobalSection(SolutionConfigurationPlatforms) = preSolution
		Debug|x64 = Debug|x64
		Debug|x86 = Debug|x86
		Release|x64 = Release|x64
		Release|x86 = Release|x86
	EndGlobalSection
	GlobalSection(ProjectConfigurationPlatforms) = postSolution
		{CF920D32-A927-4013-B546-40F3EAB41BC4}.Debug|x64.ActiveCfg = Debug|x64
		{CF920D32-A927-4013-B546-40F3EAB41BC4}.Debug|x64.Build.0 = Debug|x64
		{CF920D32-A927-4013-B546-40F3EAB41BC4}.Debug|x86.ActiveCfg = Debug|Win32
		{CF920D32-A927-4013-B546-40F3EAB41BC4}.Debug|x86.Build.0 = Debug|Win32
		{CF920D32-A927-4013-B546-40F3EAB41BC4}.Release|x64.ActiveCfg = Release|x64
		{CF920D32-A927-4013-B546-40F3EAB41BC4}.Release|x64.Build.0 = Release|x64
		{CF920D32-A927-4013-B546-40F3EAB41BC4}.Release|x86.ActiveCfg = Release|Win32
		{CF920D32-A927-4013-B546-40F3EAB41BC4}.Release|x86.Build.0 = Release|Win32
	EndGlobalSection
	GlobalSection(SolutionProperties) = preSolution
		HideSolutionNode = FALSE
	EndGlobalSection
	GlobalSection(ExtensibilityGlobals) = postSolution
		SolutionGuid = {32ED8853-3C47-4170-8563-CD1E899869ED}
	EndGlobalSection
EndGlobal
