<?xml version="1.0" encoding="utf-8"?>
<Project ToolsVersion="4.0" xmlns="http://schemas.microsoft.com/developer/msbuild/2003">
  <ItemGroup>
    <Filter Include="Source Files">
      <UniqueIdentifier>{4FC737F1-C7A5-4376-A066-2A32D752A2FF}</UniqueIdentifier>
      <Extensions>cpp;c;cc;cxx;c++;cppm;ixx;def;odl;idl;hpj;bat;asm;asmx</Extensions>
    </Filter>
    <Filter Include="Header Files">
      <UniqueIdentifier>{93995380-89BD-4b04-88EB-625FBE52EBFB}</UniqueIdentifier>
      <Extensions>h;hh;hpp;hxx;h++;hm;inl;inc;ipp;xsd</Extensions>
    </Filter>
    <Filter Include="Resource Files">
      <UniqueIdentifier>{67DA6AB6-F800-4c08-8B7A-83BB121AAD01}</UniqueIdentifier>
      <Extensions>rc;ico;cur;bmp;dlg;rc2;rct;bin;rgs;gif;jpg;jpeg;jpe;resx;tiff;tif;png;wav;mfcribbon-ms</Extensions>
    </Filter>
    <Filter Include="Header Files\Scene">
      <UniqueIdentifier>{ba06b742-5878-445c-b9ea-f9f70bceb237}</UniqueIdentifier>
    </Filter>
    <Filter Include="Header Files\Enemies">
      <UniqueIdentifier>{3e965e31-a085-4db5-b298-b42c63b0eda1}</UniqueIdentifier>
    </Filter>
    <Filter Include="Header Files\Mario">
      <UniqueIdentifier>{3d4a7dc5-dbf0-4265-ac3b-3ecdc8c62b5a}</UniqueIdentifier>
    </Filter>
    <Filter Include="Header Files\Items">
      <UniqueIdentifier>{a2c3c826-dbc6-4d96-9ade-161c1f28b084}</UniqueIdentifier>
    </Filter>
    <Filter Include="Header Files\Framework">
      <UniqueIdentifier>{9012046d-25af-4ea9-9ffc-8e20b0bfb9a4}</UniqueIdentifier>
    </Filter>
    <Filter Include="Source Files\Enemies">
      <UniqueIdentifier>{dda6da3e-bf2a-4b89-9ebc-f17553b374cf}</UniqueIdentifier>
    </Filter>
    <Filter Include="Source Files\Mario">
      <UniqueIdentifier>{450f9e93-d9eb-44bd-9f6f-42e9528e77ad}</UniqueIdentifier>
    </Filter>
    <Filter Include="Source Files\Items">
      <UniqueIdentifier>{e18c7eca-db4a-4850-ac1c-fbd4ea247587}</UniqueIdentifier>
    </Filter>
    <Filter Include="Source Files\Framework">
      <UniqueIdentifier>{37262f60-8102-42f3-80e0-94becaaf8806}</UniqueIdentifier>
    </Filter>
    <Filter Include="Source Files\Scene">
      <UniqueIdentifier>{62766547-a127-445f-8941-1f8cac175b75}</UniqueIdentifier>
    </Filter>
    <Filter Include="Header Files\Items\PlayScene">
      <UniqueIdentifier>{12717fff-e591-488a-95fb-ca155efa725a}</UniqueIdentifier>
    </Filter>
    <Filter Include="Header Files\Items\IntroScene">
      <UniqueIdentifier>{06ee846d-fd37-4f0c-adae-85147d77c8be}</UniqueIdentifier>
    </Filter>
    <Filter Include="Source Files\Items\PlayScene">
      <UniqueIdentifier>{b9ccd3f8-57c5-40bf-9d1c-c050bed592c4}</UniqueIdentifier>
    </Filter>
    <Filter Include="Source Files\Items\IntroScene">
      <UniqueIdentifier>{1030c3b5-ce27-4e53-89e7-2112352c9d7d}</UniqueIdentifier>
    </Filter>
    <Filter Include="Source Files\Items\WorldMapScene">
      <UniqueIdentifier>{8a576c07-30bb-4f0b-ba65-46ff97a7f661}</UniqueIdentifier>
    </Filter>
    <Filter Include="Header Files\Items\WorldMapScene">
      <UniqueIdentifier>{df41dd74-d922-4f07-af6b-2e834e8a40e8}</UniqueIdentifier>
    </Filter>
    <Filter Include="Header Files\Grid">
      <UniqueIdentifier>{1c0e11a0-cd0c-4389-8a15-528e23279a20}</UniqueIdentifier>
    </Filter>
    <Filter Include="Source Files\Grid">
      <UniqueIdentifier>{e93f356f-a188-4cf1-a4b5-de2360a38c81}</UniqueIdentifier>
    </Filter>
  </ItemGroup>
  <ItemGroup>
    <ClCompile Include="Animations.cpp">
      <Filter>Source Files\Framework</Filter>
    </ClCompile>
    <ClCompile Include="Collision.cpp">
      <Filter>Source Files\Framework</Filter>
    </ClCompile>
    <ClCompile Include="FireBall.cpp">
      <Filter>Source Files\Mario</Filter>
    </ClCompile>
    <ClCompile Include="FireFlower.cpp">
      <Filter>Source Files\Enemies</Filter>
    </ClCompile>
    <ClCompile Include="Flower.cpp">
      <Filter>Source Files\Enemies</Filter>
    </ClCompile>
    <ClCompile Include="GameObject.cpp">
      <Filter>Source Files\Framework</Filter>
    </ClCompile>
    <ClCompile Include="Game.cpp">
      <Filter>Source Files\Framework</Filter>
    </ClCompile>
    <ClCompile Include="Goomba.cpp">
      <Filter>Source Files\Enemies</Filter>
    </ClCompile>
    <ClCompile Include="Koopas.cpp">
      <Filter>Source Files\Enemies</Filter>
    </ClCompile>
    <ClCompile Include="main.cpp">
      <Filter>Source Files</Filter>
    </ClCompile>
    <ClCompile Include="Mario.cpp">
      <Filter>Source Files\Mario</Filter>
    </ClCompile>
    <ClCompile Include="PlayScence.cpp">
      <Filter>Source Files\Scene</Filter>
    </ClCompile>
    <ClCompile Include="Portal.cpp">
      <Filter>Source Files\Scene</Filter>
    </ClCompile>
    <ClCompile Include="Scence.cpp">
      <Filter>Source Files\Scene</Filter>
    </ClCompile>
    <ClCompile Include="Sprites.cpp">
      <Filter>Source Files\Framework</Filter>
    </ClCompile>
    <ClCompile Include="Textures.cpp">
      <Filter>Source Files\Framework</Filter>
    </ClCompile>
    <ClCompile Include="Utils.cpp">
      <Filter>Source Files\Framework</Filter>
    </ClCompile>
    <ClCompile Include="WorldMapScene.cpp">
      <Filter>Source Files\Scene</Filter>
    </ClCompile>
    <ClCompile Include="BreakableBrick.cpp">
      <Filter>Source Files\Items\PlayScene</Filter>
    </ClCompile>
    <ClCompile Include="Brick.cpp">
      <Filter>Source Files\Items\PlayScene</Filter>
    </ClCompile>
    <ClCompile Include="CBackgroundObject.cpp">
      <Filter>Source Files\Items\PlayScene</Filter>
    </ClCompile>
    <ClCompile Include="Coin.cpp">
      <Filter>Source Files\Items\PlayScene</Filter>
    </ClCompile>
    <ClCompile Include="CoinQuestion.cpp">
      <Filter>Source Files\Items\PlayScene</Filter>
    </ClCompile>
    <ClCompile Include="ColorBrick.cpp">
      <Filter>Source Files\Items\PlayScene</Filter>
    </ClCompile>
    <ClCompile Include="Item.cpp">
      <Filter>Source Files\Items\PlayScene</Filter>
    </ClCompile>
    <ClCompile Include="Pipe.cpp">
      <Filter>Source Files\Items\PlayScene</Filter>
    </ClCompile>
    <ClCompile Include="PLetter.cpp">
      <Filter>Source Files\Items\PlayScene</Filter>
    </ClCompile>
    <ClCompile Include="Question.cpp">
      <Filter>Source Files\Items\PlayScene</Filter>
    </ClCompile>
    <ClCompile Include="ScrollBackground.cpp">
      <Filter>Source Files\Items\IntroScene</Filter>
    </ClCompile>
    <ClCompile Include="BrickIntro.cpp">
      <Filter>Source Files\Items\IntroScene</Filter>
    </ClCompile>
    <ClCompile Include="BackgroundIntro.cpp">
      <Filter>Source Files\Items\IntroScene</Filter>
    </ClCompile>
    <ClCompile Include="Number.cpp">
      <Filter>Source Files\Items\IntroScene</Filter>
    </ClCompile>
    <ClCompile Include="Star.cpp">
      <Filter>Source Files\Items\IntroScene</Filter>
    </ClCompile>
    <ClCompile Include="IntroScene.cpp">
      <Filter>Source Files\Scene</Filter>
    </ClCompile>
    <ClCompile Include="MenuIntro.cpp">
      <Filter>Source Files\Items\IntroScene</Filter>
    </ClCompile>
    <ClCompile Include="Map.cpp">
      <Filter>Source Files\Framework</Filter>
    </ClCompile>
    <ClCompile Include="ObjectWorldMap.cpp">
      <Filter>Source Files\Items\WorldMapScene</Filter>
    </ClCompile>
    <ClCompile Include="Node.cpp">
      <Filter>Source Files\Items\WorldMapScene</Filter>
    </ClCompile>
    <ClCompile Include="NodeList.cpp">
      <Filter>Source Files\Items\WorldMapScene</Filter>
    </ClCompile>
    <ClCompile Include="PlayerWorldMap.cpp">
      <Filter>Source Files\Items\WorldMapScene</Filter>
    </ClCompile>
    <ClCompile Include="HUD.cpp">
      <Filter>Source Files\Items\WorldMapScene</Filter>
    </ClCompile>
    <ClCompile Include="Card.cpp">
      <Filter>Source Files\Items</Filter>
    </ClCompile>
    <ClCompile Include="Tail.cpp">
      <Filter>Source Files\Mario</Filter>
    </ClCompile>
    <ClCompile Include="Fragments.cpp">
      <Filter>Source Files\Items\WorldMapScene</Filter>
    </ClCompile>
    <ClCompile Include="MovingBrick.cpp">
      <Filter>Source Files\Items\PlayScene</Filter>
    </ClCompile>
    <ClCompile Include="Cell.cpp">
      <Filter>Source Files\Grid</Filter>
    </ClCompile>
    <ClCompile Include="Grid.cpp">
      <Filter>Source Files\Grid</Filter>
    </ClCompile>
    <ClCompile Include="Camera.cpp">
      <Filter>Source Files\Items\PlayScene</Filter>
    </ClCompile>
    <ClCompile Include="PipePortal.cpp">
      <Filter>Source Files\Items\PlayScene</Filter>
    </ClCompile>
    <ClCompile Include="Score.cpp">
      <Filter>Source Files\Items</Filter>
    </ClCompile>
    <ClCompile Include="BoomerangMan.cpp">
      <Filter>Source Files\Items\PlayScene</Filter>
    </ClCompile>
    <ClCompile Include="Boomerang.cpp">
      <Filter>Source Files\Items\PlayScene</Filter>
    </ClCompile>
  </ItemGroup>
  <ItemGroup>
    <ClInclude Include="IntroScene.h">
      <Filter>Header Files\Scene</Filter>
    </ClInclude>
    <ClInclude Include="WorldMapScene.h">
      <Filter>Header Files\Scene</Filter>
    </ClInclude>
    <ClInclude Include="PlayScence.h">
      <Filter>Header Files\Scene</Filter>
    </ClInclude>
    <ClInclude Include="Goomba.h">
      <Filter>Header Files\Enemies</Filter>
    </ClInclude>
    <ClInclude Include="FireFlower.h">
      <Filter>Header Files\Enemies</Filter>
    </ClInclude>
    <ClInclude Include="Flower.h">
      <Filter>Header Files\Enemies</Filter>
    </ClInclude>
    <ClInclude Include="Mario.h">
      <Filter>Header Files\Mario</Filter>
    </ClInclude>
    <ClInclude Include="FireBall.h">
      <Filter>Header Files\Mario</Filter>
    </ClInclude>
    <ClInclude Include="Animations.h">
      <Filter>Header Files\Framework</Filter>
    </ClInclude>
    <ClInclude Include="Game.h">
      <Filter>Header Files\Framework</Filter>
    </ClInclude>
    <ClInclude Include="GameObject.h">
      <Filter>Header Files\Framework</Filter>
    </ClInclude>
    <ClInclude Include="KeyEventHandler.h">
      <Filter>Header Files\Framework</Filter>
    </ClInclude>
    <ClInclude Include="Scence.h">
      <Filter>Header Files\Framework</Filter>
    </ClInclude>
    <ClInclude Include="Sprites.h">
      <Filter>Header Files\Framework</Filter>
    </ClInclude>
    <ClInclude Include="Textures.h">
      <Filter>Header Files\Framework</Filter>
    </ClInclude>
    <ClInclude Include="Utils.h">
      <Filter>Header Files\Framework</Filter>
    </ClInclude>
    <ClInclude Include="Collision.h">
      <Filter>Header Files\Framework</Filter>
    </ClInclude>
    <ClInclude Include="Koopas.h">
      <Filter>Header Files\Enemies</Filter>
    </ClInclude>
    <ClInclude Include="Portal.h">
      <Filter>Header Files\Scene</Filter>
    </ClInclude>
    <ClInclude Include="BackgroundObject.h">
      <Filter>Header Files\Items\PlayScene</Filter>
    </ClInclude>
    <ClInclude Include="BreakableBrick.h">
      <Filter>Header Files\Items\PlayScene</Filter>
    </ClInclude>
    <ClInclude Include="Brick.h">
      <Filter>Header Files\Items\PlayScene</Filter>
    </ClInclude>
    <ClInclude Include="Coin.h">
      <Filter>Header Files\Items\PlayScene</Filter>
    </ClInclude>
    <ClInclude Include="CoinQuestion.h">
      <Filter>Header Files\Items\PlayScene</Filter>
    </ClInclude>
    <ClInclude Include="ColorBrick.h">
      <Filter>Header Files\Items\PlayScene</Filter>
    </ClInclude>
    <ClInclude Include="Item.h">
      <Filter>Header Files\Items\PlayScene</Filter>
    </ClInclude>
    <ClInclude Include="Pipe.h">
      <Filter>Header Files\Items\PlayScene</Filter>
    </ClInclude>
    <ClInclude Include="PLetter.h">
      <Filter>Header Files\Items\PlayScene</Filter>
    </ClInclude>
    <ClInclude Include="Question.h">
      <Filter>Header Files\Items\PlayScene</Filter>
    </ClInclude>
    <ClInclude Include="ScrollBackground.h">
      <Filter>Header Files\Items\IntroScene</Filter>
    </ClInclude>
    <ClInclude Include="BrickIntro.h">
      <Filter>Header Files\Items\IntroScene</Filter>
    </ClInclude>
    <ClInclude Include="BackgroundIntro.h">
      <Filter>Header Files\Items\IntroScene</Filter>
    </ClInclude>
    <ClInclude Include="Number.h">
      <Filter>Header Files\Items\IntroScene</Filter>
    </ClInclude>
    <ClInclude Include="Star.h">
      <Filter>Header Files\Items\IntroScene</Filter>
    </ClInclude>
    <ClInclude Include="MenuIntro.h">
      <Filter>Header Files\Items\IntroScene</Filter>
    </ClInclude>
    <ClInclude Include="Map.h">
      <Filter>Header Files\Framework</Filter>
    </ClInclude>
    <ClInclude Include="define.h">
      <Filter>Header Files</Filter>
    </ClInclude>
    <ClInclude Include="ObjectWorldMap.h">
      <Filter>Header Files\Items\WorldMapScene</Filter>
    </ClInclude>
    <ClInclude Include="Node.h">
      <Filter>Header Files\Items\WorldMapScene</Filter>
    </ClInclude>
    <ClInclude Include="NodeList.h">
      <Filter>Header Files\Items\WorldMapScene</Filter>
    </ClInclude>
    <ClInclude Include="PlayerWorldMap.h">
      <Filter>Header Files\Items\WorldMapScene</Filter>
    </ClInclude>
    <ClInclude Include="HUD.h">
      <Filter>Header Files\Items\WorldMapScene</Filter>
    </ClInclude>
    <ClInclude Include="Card.h">
      <Filter>Header Files\Items</Filter>
    </ClInclude>
    <ClInclude Include="Tail.h">
      <Filter>Header Files\Mario</Filter>
    </ClInclude>
    <ClInclude Include="Fragments.h">
      <Filter>Header Files\Items\PlayScene</Filter>
    </ClInclude>
    <ClInclude Include="MovingBrick.h">
      <Filter>Header Files\Items\PlayScene</Filter>
    </ClInclude>
    <ClInclude Include="Grid.h">
      <Filter>Header Files\Grid</Filter>
    </ClInclude>
    <ClInclude Include="Cell.h">
      <Filter>Header Files\Grid</Filter>
    </ClInclude>
    <ClInclude Include="Boomerang.h">
      <Filter>Header Files\Items\PlayScene</Filter>
    </ClInclude>
    <ClInclude Include="BoomerangMan.h">
      <Filter>Header Files\Items\PlayScene</Filter>
    </ClInclude>
    <ClInclude Include="Camera.h">
      <Filter>Header Files\Items\PlayScene</Filter>
    </ClInclude>
    <ClInclude Include="PipePortal.h">
      <Filter>Header Files\Items\PlayScene</Filter>
    </ClInclude>
    <ClInclude Include="Score.h">
      <Filter>Header Files\Items</Filter>
    </ClInclude>
  </ItemGroup>
</Project>