<?xml version="1.0" encoding="utf-8"?>
<Project ToolsVersion="4.0" xmlns="http://schemas.microsoft.com/developer/msbuild/2003">
  <ItemGroup>
    <Filter Include="Source Files">
      <UniqueIdentifier>{4FC737F1-C7A5-4376-A066-2A32D752A2FF}</UniqueIdentifier>
      <Extensions>cpp;c;cc;cxx;c++;cppm;ixx;def;odl;idl;hpj;bat;asm;asmx</Extensions>
    </Filter>
    <Filter Include="Header Files">
      <UniqueIdentifier>{93995380-89BD-4b04-88EB-625FBE52EBFB}</UniqueIdentifier>
      <Extensions>h;hh;hpp;hxx;h++;hm;inl;inc;ipp;xsd</Extensions>
    </Filter>
    <Filter Include="Resource Files">
      <UniqueIdentifier>{67DA6AB6-F800-4c08-8B7A-83BB121AAD01}</UniqueIdentifier>
      <Extensions>rc;ico;cur;bmp;dlg;rc2;rct;bin;rgs;gif;jpg;jpeg;jpe;resx;tiff;tif;png;wav;mfcribbon-ms</Extensions>
    </Filter>
    <Filter Include="Header Files\Scene">
      <UniqueIdentifier>{ba06b742-5878-445c-b9ea-f9f70bceb237}</UniqueIdentifier>
    </Filter>
    <Filter Include="Header Files\Enemies">
      <UniqueIdentifier>{3e965e31-a085-4db5-b298-b42c63b0eda1}</UniqueIdentifier>
    </Filter>
    <Filter Include="Header Files\Mario">
      <UniqueIdentifier>{3d4a7dc5-dbf0-4265-ac3b-3ecdc8c62b5a}</UniqueIdentifier>
    </Filter>
    <Filter Include="Header Files\Items">
      <UniqueIdentifier>{a2c3c826-dbc6-4d96-9ade-161c1f28b084}</UniqueIdentifier>
    </Filter>
    <Filter Include="Header Files\Framework">
      <UniqueIdentifier>{9012046d-25af-4ea9-9ffc-8e20b0bfb9a4}</UniqueIdentifier>
    </Filter>
    <Filter Include="Source Files\Enemies">
      <UniqueIdentifier>{dda6da3e-bf2a-4b89-9ebc-f17553b374cf}</UniqueIdentifier>
    </Filter>
    <Filter Include="Source Files\Mario">
      <UniqueIdentifier>{450f9e93-d9eb-44bd-9f6f-42e9528e77ad}</UniqueIdentifier>
    </Filter>
    <Filter Include="Source Files\Items">
      <UniqueIdentifier>{e18c7eca-db4a-4850-ac1c-fbd4ea247587}</UniqueIdentifier>
    </Filter>
    <Filter Include="Source Files\Framework">
      <UniqueIdentifier>{37262f60-8102-42f3-80e0-94becaaf8806}</UniqueIdentifier>
    </Filter>
    <Filter Include="Source Files\Scene">
      <UniqueIdentifier>{62766547-a127-445f-8941-1f8cac175b75}</UniqueIdentifier>
    </Filter>
  </ItemGroup>
  <ItemGroup>
    <ClCompile Include="Animations.cpp">
      <Filter>Source Files\Framework</Filter>
    </ClCompile>
    <ClCompile Include="BreakableBrick.cpp">
      <Filter>Source Files\Items</Filter>
    </ClCompile>
    <ClCompile Include="Brick.cpp">
      <Filter>Source Files\Items</Filter>
    </ClCompile>
    <ClCompile Include="CBackgroundObject.cpp">
      <Filter>Source Files\Items</Filter>
    </ClCompile>
    <ClCompile Include="Coin.cpp">
      <Filter>Source Files\Items</Filter>
    </ClCompile>
    <ClCompile Include="CoinQuestion.cpp">
      <Filter>Source Files\Items</Filter>
    </ClCompile>
    <ClCompile Include="Collision.cpp">
      <Filter>Source Files\Framework</Filter>
    </ClCompile>
    <ClCompile Include="ColorBrick.cpp">
      <Filter>Source Files\Items</Filter>
    </ClCompile>
    <ClCompile Include="FireBall.cpp">
      <Filter>Source Files\Mario</Filter>
    </ClCompile>
    <ClCompile Include="FireFlower.cpp">
      <Filter>Source Files\Enemies</Filter>
    </ClCompile>
    <ClCompile Include="Flower.cpp">
      <Filter>Source Files\Enemies</Filter>
    </ClCompile>
    <ClCompile Include="GameObject.cpp">
      <Filter>Source Files\Framework</Filter>
    </ClCompile>
    <ClCompile Include="Game.cpp">
      <Filter>Source Files\Framework</Filter>
    </ClCompile>
    <ClCompile Include="Goomba.cpp">
      <Filter>Source Files\Enemies</Filter>
    </ClCompile>
    <ClCompile Include="IntroScene.cpp">
      <Filter>Source Files\Scene</Filter>
    </ClCompile>
    <ClCompile Include="Item.cpp">
      <Filter>Source Files\Items</Filter>
    </ClCompile>
    <ClCompile Include="Koopas.cpp">
      <Filter>Source Files\Enemies</Filter>
    </ClCompile>
    <ClCompile Include="main.cpp">
      <Filter>Source Files</Filter>
    </ClCompile>
    <ClCompile Include="Mario.cpp">
      <Filter>Source Files\Mario</Filter>
    </ClCompile>
    <ClCompile Include="Pipe.cpp">
      <Filter>Source Files\Items</Filter>
    </ClCompile>
    <ClCompile Include="PlayScence.cpp">
      <Filter>Source Files\Scene</Filter>
    </ClCompile>
    <ClCompile Include="PLetter.cpp">
      <Filter>Source Files\Items</Filter>
    </ClCompile>
    <ClCompile Include="Portal.cpp">
      <Filter>Source Files\Scene</Filter>
    </ClCompile>
    <ClCompile Include="Question.cpp">
      <Filter>Source Files\Items</Filter>
    </ClCompile>
    <ClCompile Include="Scence.cpp">
      <Filter>Source Files\Scene</Filter>
    </ClCompile>
    <ClCompile Include="Sprites.cpp">
      <Filter>Source Files\Framework</Filter>
    </ClCompile>
    <ClCompile Include="Textures.cpp">
      <Filter>Source Files\Framework</Filter>
    </ClCompile>
    <ClCompile Include="Utils.cpp">
      <Filter>Source Files\Framework</Filter>
    </ClCompile>
    <ClCompile Include="WorldMapScene.cpp">
      <Filter>Source Files\Scene</Filter>
    </ClCompile>
  </ItemGroup>
  <ItemGroup>
    <ClInclude Include="define.h">
      <Filter>Header Files</Filter>
    </ClInclude>
    <ClInclude Include="IntroScene.h">
      <Filter>Header Files\Scene</Filter>
    </ClInclude>
    <ClInclude Include="WorldMapScene.h">
      <Filter>Header Files\Scene</Filter>
    </ClInclude>
    <ClInclude Include="PlayScence.h">
      <Filter>Header Files\Scene</Filter>
    </ClInclude>
    <ClInclude Include="Goomba.h">
      <Filter>Header Files\Enemies</Filter>
    </ClInclude>
    <ClInclude Include="FireFlower.h">
      <Filter>Header Files\Enemies</Filter>
    </ClInclude>
    <ClInclude Include="Flower.h">
      <Filter>Header Files\Enemies</Filter>
    </ClInclude>
    <ClInclude Include="Mario.h">
      <Filter>Header Files\Mario</Filter>
    </ClInclude>
    <ClInclude Include="FireBall.h">
      <Filter>Header Files\Mario</Filter>
    </ClInclude>
    <ClInclude Include="Coin.h">
      <Filter>Header Files\Items</Filter>
    </ClInclude>
    <ClInclude Include="Animations.h">
      <Filter>Header Files\Framework</Filter>
    </ClInclude>
    <ClInclude Include="Game.h">
      <Filter>Header Files\Framework</Filter>
    </ClInclude>
    <ClInclude Include="GameObject.h">
      <Filter>Header Files\Framework</Filter>
    </ClInclude>
    <ClInclude Include="KeyEventHandler.h">
      <Filter>Header Files\Framework</Filter>
    </ClInclude>
    <ClInclude Include="Scence.h">
      <Filter>Header Files\Framework</Filter>
    </ClInclude>
    <ClInclude Include="Sprites.h">
      <Filter>Header Files\Framework</Filter>
    </ClInclude>
    <ClInclude Include="Textures.h">
      <Filter>Header Files\Framework</Filter>
    </ClInclude>
    <ClInclude Include="Utils.h">
      <Filter>Header Files\Framework</Filter>
    </ClInclude>
    <ClInclude Include="Collision.h">
      <Filter>Header Files\Framework</Filter>
    </ClInclude>
    <ClInclude Include="BackgroundObject.h">
      <Filter>Header Files\Items</Filter>
    </ClInclude>
    <ClInclude Include="BreakableBrick.h">
      <Filter>Header Files\Items</Filter>
    </ClInclude>
    <ClInclude Include="Brick.h">
      <Filter>Header Files\Items</Filter>
    </ClInclude>
    <ClInclude Include="CoinQuestion.h">
      <Filter>Header Files\Items</Filter>
    </ClInclude>
    <ClInclude Include="ColorBrick.h">
      <Filter>Header Files\Items</Filter>
    </ClInclude>
    <ClInclude Include="Item.h">
      <Filter>Header Files\Items</Filter>
    </ClInclude>
    <ClInclude Include="Koopas.h">
      <Filter>Header Files\Enemies</Filter>
    </ClInclude>
    <ClInclude Include="Pipe.h">
      <Filter>Header Files\Items</Filter>
    </ClInclude>
    <ClInclude Include="PLetter.h">
      <Filter>Header Files\Items</Filter>
    </ClInclude>
    <ClInclude Include="Portal.h">
      <Filter>Header Files\Scene</Filter>
    </ClInclude>
    <ClInclude Include="Question.h">
      <Filter>Header Files\Items</Filter>
    </ClInclude>
  </ItemGroup>
</Project>